
Microsoft Visual Studio Solution File, Format Version 10.00
# Visual Studio 2008
Project("{FAE04EC0-301F-11D3-BF4B-00C04F79EFBC}") = "Krkal.Compiler.Launcher", "Krkal.Compiler.Launcher\Krkal.Compiler.Launcher.csproj", "{838B8AEA-C0C6-4608-B8AA-17F3FC4DE9D9}"
	ProjectSection(ProjectDependencies) = postProject
		{C9BAC229-73D7-4CB8-BAFC-8ED236F2F0C2} = {C9BAC229-73D7-4CB8-BAFC-8ED236F2F0C2}
	EndProjectSection
	ProjectSection(WebsiteProperties) = preProject
		Debug.AspNetCompiler.Debug = "True"
		Release.AspNetCompiler.Debug = "False"
	EndProjectSection
EndProject
Project("{FAE04EC0-301F-11D3-BF4B-00C04F79EFBC}") = "Krkal.Compiler", "Krkal.Compiler\Krkal.Compiler.csproj", "{A2D0808E-BC2E-4701-92FA-835E1C251B97}"
	ProjectSection(ProjectDependencies) = postProject
		{C9BAC229-73D7-4CB8-BAFC-8ED236F2F0C2} = {C9BAC229-73D7-4CB8-BAFC-8ED236F2F0C2}
	EndProjectSection
	ProjectSection(WebsiteProperties) = preProject
		Debug.AspNetCompiler.Debug = "True"
		Release.AspNetCompiler.Debug = "False"
	EndProjectSection
EndProject
Project("{8BC9CEB8-8B4A-11D0-8D11-00A0C91BC942}") = "Krkal.FileSystem", "Krkal.FileSystem\Krkal.FileSystem.vcproj", "{C9BAC229-73D7-4CB8-BAFC-8ED236F2F0C2}"
	ProjectSection(WebsiteProperties) = preProject
		Debug.AspNetCompiler.Debug = "True"
		Release.AspNetCompiler.Debug = "False"
	EndProjectSection
EndProject
Project("{8BC9CEB8-8B4A-11D0-8D11-00A0C91BC942}") = "Krkal.FileSystem.Net", "Krkal.FileSystem.Net\Krkal.FileSystem.Net.vcproj", "{9E0EBE75-87E7-4EC8-B44C-6C41C33E375E}"
	ProjectSection(ProjectDependencies) = postProject
		{C9BAC229-73D7-4CB8-BAFC-8ED236F2F0C2} = {C9BAC229-73D7-4CB8-BAFC-8ED236F2F0C2}
	EndProjectSection
	ProjectSection(WebsiteProperties) = preProject
		Debug.AspNetCompiler.Debug = "True"
		Release.AspNetCompiler.Debug = "False"
	EndProjectSection
EndProject
Project("{FAE04EC0-301F-11D3-BF4B-00C04F79EFBC}") = "WinFormsUI", "WinFormsUI\WinFormsUI.csproj", "{C75532C4-765B-418E-B09B-46D36B2ABDB1}"
	ProjectSection(WebsiteProperties) = preProject
		Debug.AspNetCompiler.Debug = "True"
		Release.AspNetCompiler.Debug = "False"
	EndProjectSection
EndProject
Project("{FAE04EC0-301F-11D3-BF4B-00C04F79EFBC}") = "Krkal.Ide", "Krkal.Ide\Krkal.Ide.csproj", "{40793A27-478B-4357-B4C3-FC8943131F3D}"
	ProjectSection(ProjectDependencies) = postProject
		{C9BAC229-73D7-4CB8-BAFC-8ED236F2F0C2} = {C9BAC229-73D7-4CB8-BAFC-8ED236F2F0C2}
		{9E0EBE75-87E7-4EC8-B44C-6C41C33E375E} = {9E0EBE75-87E7-4EC8-B44C-6C41C33E375E}
	EndProjectSection
	ProjectSection(WebsiteProperties) = preProject
		Debug.AspNetCompiler.Debug = "True"
		Release.AspNetCompiler.Debug = "False"
	EndProjectSection
EndProject
Project("{FAE04EC0-301F-11D3-BF4B-00C04F79EFBC}") = "Puzzle.CoreLib.NET 2.0", "Puzzle.CoreLib\Puzzle.CoreLib.NET 2.0.csproj", "{7858FB56-9BB3-40CE-BA9C-5FB9F04E79DE}"
	ProjectSection(WebsiteProperties) = preProject
		Debug.AspNetCompiler.Debug = "True"
		Release.AspNetCompiler.Debug = "False"
	EndProjectSection
EndProject
Project("{FAE04EC0-301F-11D3-BF4B-00C04F79EFBC}") = "Puzzle.SyntaxDocument.NET 2.0", "Puzzle.SyntaxDocument\Puzzle.SyntaxDocument.NET 2.0.csproj", "{55D040D8-B8F2-4C15-8FCD-A73F82A3882C}"
	ProjectSection(WebsiteProperties) = preProject
		Debug.AspNetCompiler.Debug = "True"
		Release.AspNetCompiler.Debug = "False"
	EndProjectSection
EndProject
Project("{FAE04EC0-301F-11D3-BF4B-00C04F79EFBC}") = "Puzzle.SyntaxBox.NET 2.0", "Puzzle.SyntaxBox\Puzzle.SyntaxBox.NET 2.0.csproj", "{19EF75B2-B414-4EB0-9486-160FAF93E62C}"
	ProjectSection(WebsiteProperties) = preProject
		Debug.AspNetCompiler.Debug = "True"
		Release.AspNetCompiler.Debug = "False"
	EndProjectSection
EndProject
Project("{FAE04EC0-301F-11D3-BF4B-00C04F79EFBC}") = "Krkal.CodeGenerator", "Krkal.CodeGenerator\Krkal.CodeGenerator.csproj", "{ADDF2033-8E31-4793-ABFB-EB8F320245B0}"
	ProjectSection(ProjectDependencies) = postProject
		{C9BAC229-73D7-4CB8-BAFC-8ED236F2F0C2} = {C9BAC229-73D7-4CB8-BAFC-8ED236F2F0C2}
	EndProjectSection
	ProjectSection(WebsiteProperties) = preProject
		Debug.AspNetCompiler.Debug = "True"
		Release.AspNetCompiler.Debug = "False"
	EndProjectSection
EndProject
Project("{8BC9CEB8-8B4A-11D0-8D11-00A0C91BC942}") = "Krkal.Runtime", "Krkal.Runtime\Krkal.Runtime.vcproj", "{6094BA14-FD72-4458-88F3-1EB9426280A5}"
	ProjectSection(ProjectDependencies) = postProject
		{C9BAC229-73D7-4CB8-BAFC-8ED236F2F0C2} = {C9BAC229-73D7-4CB8-BAFC-8ED236F2F0C2}
	EndProjectSection
	ProjectSection(WebsiteProperties) = preProject
		Debug.AspNetCompiler.Debug = "True"
		Release.AspNetCompiler.Debug = "False"
	EndProjectSection
EndProject
Project("{8BC9CEB8-8B4A-11D0-8D11-00A0C91BC942}") = "Krkal.Runtime.Net", "Krkal.Runtime.Net\Krkal.Runtime.Net.vcproj", "{ED263187-A564-4CAC-8145-FF14517D73FF}"
	ProjectSection(ProjectDependencies) = postProject
		{6094BA14-FD72-4458-88F3-1EB9426280A5} = {6094BA14-FD72-4458-88F3-1EB9426280A5}
		{C9BAC229-73D7-4CB8-BAFC-8ED236F2F0C2} = {C9BAC229-73D7-4CB8-BAFC-8ED236F2F0C2}
	EndProjectSection
	ProjectSection(WebsiteProperties) = preProject
		Debug.AspNetCompiler.Debug = "True"
		Release.AspNetCompiler.Debug = "False"
	EndProjectSection
EndProject
Project("{FAE04EC0-301F-11D3-BF4B-00C04F79EFBC}") = "Krkal.Sample", "Krkal.Sample\Krkal.Sample.csproj", "{D57C9AE8-2536-4B33-8225-34EFF6EC07C4}"
	ProjectSection(ProjectDependencies) = postProject
		{6094BA14-FD72-4458-88F3-1EB9426280A5} = {6094BA14-FD72-4458-88F3-1EB9426280A5}
		{40793A27-478B-4357-B4C3-FC8943131F3D} = {40793A27-478B-4357-B4C3-FC8943131F3D}
		{C9BAC229-73D7-4CB8-BAFC-8ED236F2F0C2} = {C9BAC229-73D7-4CB8-BAFC-8ED236F2F0C2}
		{9E0EBE75-87E7-4EC8-B44C-6C41C33E375E} = {9E0EBE75-87E7-4EC8-B44C-6C41C33E375E}
		{ED263187-A564-4CAC-8145-FF14517D73FF} = {ED263187-A564-4CAC-8145-FF14517D73FF}
		{F26D98AA-277B-4356-8CAC-2F9BD7E4EA92} = {F26D98AA-277B-4356-8CAC-2F9BD7E4EA92}
	EndProjectSection
	ProjectSection(WebsiteProperties) = preProject
		Debug.AspNetCompiler.Debug = "True"
		Release.AspNetCompiler.Debug = "False"
	EndProjectSection
EndProject
Project("{8BC9CEB8-8B4A-11D0-8D11-00A0C91BC942}") = "Krkal.Sample.Services", "Krkal.Sample.Services\Krkal.Sample.Services.vcproj", "{F26D98AA-277B-4356-8CAC-2F9BD7E4EA92}"
	ProjectSection(ProjectDependencies) = postProject
		{6094BA14-FD72-4458-88F3-1EB9426280A5} = {6094BA14-FD72-4458-88F3-1EB9426280A5}
	EndProjectSection
	ProjectSection(WebsiteProperties) = preProject
		Debug.AspNetCompiler.Debug = "True"
		Release.AspNetCompiler.Debug = "False"
	EndProjectSection
EndProject
Project("{8BC9CEB8-8B4A-11D0-8D11-00A0C91BC942}") = "Utils.ErrorGenerator", "Utils.ErrorGenerator\Utils.ErrorGenerator.vcproj", "{057E8045-5944-47C6-9FD8-0ECC915AE87C}"
	ProjectSection(ProjectDependencies) = postProject
		{C9BAC229-73D7-4CB8-BAFC-8ED236F2F0C2} = {C9BAC229-73D7-4CB8-BAFC-8ED236F2F0C2}
	EndProjectSection
	ProjectSection(WebsiteProperties) = preProject
		Debug.AspNetCompiler.Debug = "True"
		Release.AspNetCompiler.Debug = "False"
	EndProjectSection
EndProject
Project("{FAE04EC0-301F-11D3-BF4B-00C04F79EFBC}") = "Krkal.GEn.Base", "Krkal.Gen.Base\Krkal.GEn.Base.csproj", "{CF09C015-11D7-4E97-8A29-7FA4922C8A46}"
EndProject
Project("{FAE04EC0-301F-11D3-BF4B-00C04F79EFBC}") = "Krkal.GEn", "Krkal.GEn\Krkal.GEn.csproj", "{E2A07876-E21E-4BF8-9D25-5F1300BB79BD}"
EndProject
Project("{FAE04EC0-301F-11D3-BF4B-00C04F79EFBC}") = "Aga.Controls", "Aga.Controls\Aga.Controls.csproj", "{E73BB233-D88B-44A7-A98F-D71EE158381D}"
EndProject
Project("{FAE04EC0-301F-11D3-BF4B-00C04F79EFBC}") = "Krkal.Main", "Krkal.Main\Krkal.Main.csproj", "{F105DC29-03C7-47AD-AD22-ADC1E6FD9920}"
EndProject
Project("{FAE04EC0-301F-11D3-BF4B-00C04F79EFBC}") = "Krkal.RunIde", "Krkal.RunIde\Krkal.RunIde.csproj", "{9BFEA5DB-E527-4A30-B869-F10FC3405211}"
EndProject
Project("{8BC9CEB8-8B4A-11D0-8D11-00A0C91BC942}") = "Krkal.NativeConsoleGames", "Krkal.NativeConsoleGames\Krkal.NativeConsoleGames.vcproj", "{3FA0172E-1B36-46C1-9324-DAC42158C98F}"
	ProjectSection(ProjectDependencies) = postProject
		{6094BA14-FD72-4458-88F3-1EB9426280A5} = {6094BA14-FD72-4458-88F3-1EB9426280A5}
		{C9BAC229-73D7-4CB8-BAFC-8ED236F2F0C2} = {C9BAC229-73D7-4CB8-BAFC-8ED236F2F0C2}
	EndProjectSection
EndProject
Global
	GlobalSection(SolutionConfigurationPlatforms) = preSolution
		Debug|Any CPU = Debug|Any CPU
		Debug|Mixed Platforms = Debug|Mixed Platforms
		Debug|Win32 = Debug|Win32
		Debug|x64 = Debug|x64
		Debug|x86 = Debug|x86
		Release|Any CPU = Release|Any CPU
		Release|Mixed Platforms = Release|Mixed Platforms
		Release|Win32 = Release|Win32
		Release|x64 = Release|x64
		Release|x86 = Release|x86
		TEST|Any CPU = TEST|Any CPU
		TEST|Mixed Platforms = TEST|Mixed Platforms
		TEST|Win32 = TEST|Win32
		TEST|x64 = TEST|x64
		TEST|x86 = TEST|x86
	EndGlobalSection
	GlobalSection(ProjectConfigurationPlatforms) = postSolution
		{838B8AEA-C0C6-4608-B8AA-17F3FC4DE9D9}.Debug|Any CPU.ActiveCfg = Debug|Any CPU
		{838B8AEA-C0C6-4608-B8AA-17F3FC4DE9D9}.Debug|Any CPU.Build.0 = Debug|Any CPU
		{838B8AEA-C0C6-4608-B8AA-17F3FC4DE9D9}.Debug|Mixed Platforms.ActiveCfg = Debug|Any CPU
		{838B8AEA-C0C6-4608-B8AA-17F3FC4DE9D9}.Debug|Mixed Platforms.Build.0 = Debug|Any CPU
		{838B8AEA-C0C6-4608-B8AA-17F3FC4DE9D9}.Debug|Win32.ActiveCfg = Debug|Any CPU
		{838B8AEA-C0C6-4608-B8AA-17F3FC4DE9D9}.Debug|x64.ActiveCfg = Debug|Any CPU
		{838B8AEA-C0C6-4608-B8AA-17F3FC4DE9D9}.Debug|x86.ActiveCfg = Debug|Any CPU
		{838B8AEA-C0C6-4608-B8AA-17F3FC4DE9D9}.Release|Any CPU.ActiveCfg = Release|Any CPU
		{838B8AEA-C0C6-4608-B8AA-17F3FC4DE9D9}.Release|Any CPU.Build.0 = Release|Any CPU
		{838B8AEA-C0C6-4608-B8AA-17F3FC4DE9D9}.Release|Mixed Platforms.ActiveCfg = Release|Any CPU
		{838B8AEA-C0C6-4608-B8AA-17F3FC4DE9D9}.Release|Mixed Platforms.Build.0 = Release|Any CPU
		{838B8AEA-C0C6-4608-B8AA-17F3FC4DE9D9}.Release|Win32.ActiveCfg = Release|Any CPU
		{838B8AEA-C0C6-4608-B8AA-17F3FC4DE9D9}.Release|x64.ActiveCfg = Release|Any CPU
		{838B8AEA-C0C6-4608-B8AA-17F3FC4DE9D9}.Release|x86.ActiveCfg = Release|Any CPU
		{838B8AEA-C0C6-4608-B8AA-17F3FC4DE9D9}.TEST|Any CPU.ActiveCfg = Release|Any CPU
		{838B8AEA-C0C6-4608-B8AA-17F3FC4DE9D9}.TEST|Any CPU.Build.0 = Release|Any CPU
		{838B8AEA-C0C6-4608-B8AA-17F3FC4DE9D9}.TEST|Mixed Platforms.ActiveCfg = Release|Any CPU
		{838B8AEA-C0C6-4608-B8AA-17F3FC4DE9D9}.TEST|Mixed Platforms.Build.0 = Release|Any CPU
		{838B8AEA-C0C6-4608-B8AA-17F3FC4DE9D9}.TEST|Win32.ActiveCfg = Release|Any CPU
		{838B8AEA-C0C6-4608-B8AA-17F3FC4DE9D9}.TEST|x64.ActiveCfg = Release|Any CPU
		{838B8AEA-C0C6-4608-B8AA-17F3FC4DE9D9}.TEST|x86.ActiveCfg = Release|Any CPU
		{A2D0808E-BC2E-4701-92FA-835E1C251B97}.Debug|Any CPU.ActiveCfg = Debug|Any CPU
		{A2D0808E-BC2E-4701-92FA-835E1C251B97}.Debug|Any CPU.Build.0 = Debug|Any CPU
		{A2D0808E-BC2E-4701-92FA-835E1C251B97}.Debug|Mixed Platforms.ActiveCfg = Debug|Any CPU
		{A2D0808E-BC2E-4701-92FA-835E1C251B97}.Debug|Mixed Platforms.Build.0 = Debug|Any CPU
		{A2D0808E-BC2E-4701-92FA-835E1C251B97}.Debug|Win32.ActiveCfg = Debug|Any CPU
		{A2D0808E-BC2E-4701-92FA-835E1C251B97}.Debug|x64.ActiveCfg = Debug|Any CPU
		{A2D0808E-BC2E-4701-92FA-835E1C251B97}.Debug|x86.ActiveCfg = Debug|Any CPU
		{A2D0808E-BC2E-4701-92FA-835E1C251B97}.Release|Any CPU.ActiveCfg = Release|Any CPU
		{A2D0808E-BC2E-4701-92FA-835E1C251B97}.Release|Any CPU.Build.0 = Release|Any CPU
		{A2D0808E-BC2E-4701-92FA-835E1C251B97}.Release|Mixed Platforms.ActiveCfg = Release|Any CPU
		{A2D0808E-BC2E-4701-92FA-835E1C251B97}.Release|Mixed Platforms.Build.0 = Release|Any CPU
		{A2D0808E-BC2E-4701-92FA-835E1C251B97}.Release|Win32.ActiveCfg = Release|Any CPU
		{A2D0808E-BC2E-4701-92FA-835E1C251B97}.Release|x64.ActiveCfg = Release|Any CPU
		{A2D0808E-BC2E-4701-92FA-835E1C251B97}.Release|x86.ActiveCfg = Release|Any CPU
		{A2D0808E-BC2E-4701-92FA-835E1C251B97}.TEST|Any CPU.ActiveCfg = Release|Any CPU
		{A2D0808E-BC2E-4701-92FA-835E1C251B97}.TEST|Any CPU.Build.0 = Release|Any CPU
		{A2D0808E-BC2E-4701-92FA-835E1C251B97}.TEST|Mixed Platforms.ActiveCfg = Release|Any CPU
		{A2D0808E-BC2E-4701-92FA-835E1C251B97}.TEST|Mixed Platforms.Build.0 = Release|Any CPU
		{A2D0808E-BC2E-4701-92FA-835E1C251B97}.TEST|Win32.ActiveCfg = Release|Any CPU
		{A2D0808E-BC2E-4701-92FA-835E1C251B97}.TEST|x64.ActiveCfg = Release|Any CPU
		{A2D0808E-BC2E-4701-92FA-835E1C251B97}.TEST|x86.ActiveCfg = Release|Any CPU
		{C9BAC229-73D7-4CB8-BAFC-8ED236F2F0C2}.Debug|Any CPU.ActiveCfg = Debug|Win32
		{C9BAC229-73D7-4CB8-BAFC-8ED236F2F0C2}.Debug|Mixed Platforms.ActiveCfg = Debug|Win32
		{C9BAC229-73D7-4CB8-BAFC-8ED236F2F0C2}.Debug|Mixed Platforms.Build.0 = Debug|Win32
		{C9BAC229-73D7-4CB8-BAFC-8ED236F2F0C2}.Debug|Win32.ActiveCfg = Debug|Win32
		{C9BAC229-73D7-4CB8-BAFC-8ED236F2F0C2}.Debug|Win32.Build.0 = Debug|Win32
		{C9BAC229-73D7-4CB8-BAFC-8ED236F2F0C2}.Debug|x64.ActiveCfg = Debug|Win32
		{C9BAC229-73D7-4CB8-BAFC-8ED236F2F0C2}.Debug|x86.ActiveCfg = Debug|Win32
		{C9BAC229-73D7-4CB8-BAFC-8ED236F2F0C2}.Release|Any CPU.ActiveCfg = Release|Win32
		{C9BAC229-73D7-4CB8-BAFC-8ED236F2F0C2}.Release|Mixed Platforms.ActiveCfg = Release|Win32
		{C9BAC229-73D7-4CB8-BAFC-8ED236F2F0C2}.Release|Mixed Platforms.Build.0 = Release|Win32
		{C9BAC229-73D7-4CB8-BAFC-8ED236F2F0C2}.Release|Win32.ActiveCfg = Release|Win32
		{C9BAC229-73D7-4CB8-BAFC-8ED236F2F0C2}.Release|Win32.Build.0 = Release|Win32
		{C9BAC229-73D7-4CB8-BAFC-8ED236F2F0C2}.Release|x64.ActiveCfg = Release|Win32
		{C9BAC229-73D7-4CB8-BAFC-8ED236F2F0C2}.Release|x86.ActiveCfg = Release|Win32
		{C9BAC229-73D7-4CB8-BAFC-8ED236F2F0C2}.TEST|Any CPU.ActiveCfg = Release|Win32
		{C9BAC229-73D7-4CB8-BAFC-8ED236F2F0C2}.TEST|Mixed Platforms.ActiveCfg = Release|Win32
		{C9BAC229-73D7-4CB8-BAFC-8ED236F2F0C2}.TEST|Mixed Platforms.Build.0 = Release|Win32
		{C9BAC229-73D7-4CB8-BAFC-8ED236F2F0C2}.TEST|Win32.ActiveCfg = Release|Win32
		{C9BAC229-73D7-4CB8-BAFC-8ED236F2F0C2}.TEST|Win32.Build.0 = Release|Win32
		{C9BAC229-73D7-4CB8-BAFC-8ED236F2F0C2}.TEST|x64.ActiveCfg = Release|Win32
		{C9BAC229-73D7-4CB8-BAFC-8ED236F2F0C2}.TEST|x86.ActiveCfg = Release|Win32
		{9E0EBE75-87E7-4EC8-B44C-6C41C33E375E}.Debug|Any CPU.ActiveCfg = Debug|Win32
		{9E0EBE75-87E7-4EC8-B44C-6C41C33E375E}.Debug|Mixed Platforms.ActiveCfg = Debug|Win32
		{9E0EBE75-87E7-4EC8-B44C-6C41C33E375E}.Debug|Mixed Platforms.Build.0 = Debug|Win32
		{9E0EBE75-87E7-4EC8-B44C-6C41C33E375E}.Debug|Win32.ActiveCfg = Debug|Win32
		{9E0EBE75-87E7-4EC8-B44C-6C41C33E375E}.Debug|Win32.Build.0 = Debug|Win32
		{9E0EBE75-87E7-4EC8-B44C-6C41C33E375E}.Debug|x64.ActiveCfg = Debug|Win32
		{9E0EBE75-87E7-4EC8-B44C-6C41C33E375E}.Debug|x86.ActiveCfg = Debug|Win32
		{9E0EBE75-87E7-4EC8-B44C-6C41C33E375E}.Release|Any CPU.ActiveCfg = Release|Win32
		{9E0EBE75-87E7-4EC8-B44C-6C41C33E375E}.Release|Mixed Platforms.ActiveCfg = Release|Win32
		{9E0EBE75-87E7-4EC8-B44C-6C41C33E375E}.Release|Mixed Platforms.Build.0 = Release|Win32
		{9E0EBE75-87E7-4EC8-B44C-6C41C33E375E}.Release|Win32.ActiveCfg = Release|Win32
		{9E0EBE75-87E7-4EC8-B44C-6C41C33E375E}.Release|Win32.Build.0 = Release|Win32
		{9E0EBE75-87E7-4EC8-B44C-6C41C33E375E}.Release|x64.ActiveCfg = Release|Win32
		{9E0EBE75-87E7-4EC8-B44C-6C41C33E375E}.Release|x86.ActiveCfg = Release|Win32
		{9E0EBE75-87E7-4EC8-B44C-6C41C33E375E}.TEST|Any CPU.ActiveCfg = Release|Win32
		{9E0EBE75-87E7-4EC8-B44C-6C41C33E375E}.TEST|Mixed Platforms.ActiveCfg = Release|Win32
		{9E0EBE75-87E7-4EC8-B44C-6C41C33E375E}.TEST|Mixed Platforms.Build.0 = Release|Win32
		{9E0EBE75-87E7-4EC8-B44C-6C41C33E375E}.TEST|Win32.ActiveCfg = Release|Win32
		{9E0EBE75-87E7-4EC8-B44C-6C41C33E375E}.TEST|Win32.Build.0 = Release|Win32
		{9E0EBE75-87E7-4EC8-B44C-6C41C33E375E}.TEST|x64.ActiveCfg = Release|Win32
		{9E0EBE75-87E7-4EC8-B44C-6C41C33E375E}.TEST|x86.ActiveCfg = Release|Win32
		{C75532C4-765B-418E-B09B-46D36B2ABDB1}.Debug|Any CPU.ActiveCfg = Debug|Any CPU
		{C75532C4-765B-418E-B09B-46D36B2ABDB1}.Debug|Any CPU.Build.0 = Debug|Any CPU
		{C75532C4-765B-418E-B09B-46D36B2ABDB1}.Debug|Mixed Platforms.ActiveCfg = Debug|Any CPU
		{C75532C4-765B-418E-B09B-46D36B2ABDB1}.Debug|Mixed Platforms.Build.0 = Debug|Any CPU
		{C75532C4-765B-418E-B09B-46D36B2ABDB1}.Debug|Win32.ActiveCfg = Debug|Any CPU
		{C75532C4-765B-418E-B09B-46D36B2ABDB1}.Debug|x64.ActiveCfg = Debug|Any CPU
		{C75532C4-765B-418E-B09B-46D36B2ABDB1}.Debug|x86.ActiveCfg = Debug|Any CPU
		{C75532C4-765B-418E-B09B-46D36B2ABDB1}.Release|Any CPU.ActiveCfg = Release|Any CPU
		{C75532C4-765B-418E-B09B-46D36B2ABDB1}.Release|Any CPU.Build.0 = Release|Any CPU
		{C75532C4-765B-418E-B09B-46D36B2ABDB1}.Release|Mixed Platforms.ActiveCfg = Release|Any CPU
		{C75532C4-765B-418E-B09B-46D36B2ABDB1}.Release|Mixed Platforms.Build.0 = Release|Any CPU
		{C75532C4-765B-418E-B09B-46D36B2ABDB1}.Release|Win32.ActiveCfg = Release|Any CPU
		{C75532C4-765B-418E-B09B-46D36B2ABDB1}.Release|x64.ActiveCfg = Release|Any CPU
		{C75532C4-765B-418E-B09B-46D36B2ABDB1}.Release|x86.ActiveCfg = Release|Any CPU
		{C75532C4-765B-418E-B09B-46D36B2ABDB1}.TEST|Any CPU.ActiveCfg = Release|Any CPU
		{C75532C4-765B-418E-B09B-46D36B2ABDB1}.TEST|Any CPU.Build.0 = Release|Any CPU
		{C75532C4-765B-418E-B09B-46D36B2ABDB1}.TEST|Mixed Platforms.ActiveCfg = Release|Any CPU
		{C75532C4-765B-418E-B09B-46D36B2ABDB1}.TEST|Mixed Platforms.Build.0 = Release|Any CPU
		{C75532C4-765B-418E-B09B-46D36B2ABDB1}.TEST|Win32.ActiveCfg = Release|Any CPU
		{C75532C4-765B-418E-B09B-46D36B2ABDB1}.TEST|x64.ActiveCfg = Release|Any CPU
		{C75532C4-765B-418E-B09B-46D36B2ABDB1}.TEST|x86.ActiveCfg = Release|Any CPU
		{40793A27-478B-4357-B4C3-FC8943131F3D}.Debug|Any CPU.ActiveCfg = Debug|Any CPU
		{40793A27-478B-4357-B4C3-FC8943131F3D}.Debug|Any CPU.Build.0 = Debug|Any CPU
		{40793A27-478B-4357-B4C3-FC8943131F3D}.Debug|Mixed Platforms.ActiveCfg = Debug|Any CPU
		{40793A27-478B-4357-B4C3-FC8943131F3D}.Debug|Mixed Platforms.Build.0 = Debug|Any CPU
		{40793A27-478B-4357-B4C3-FC8943131F3D}.Debug|Win32.ActiveCfg = Debug|Any CPU
		{40793A27-478B-4357-B4C3-FC8943131F3D}.Debug|x64.ActiveCfg = Debug|Any CPU
		{40793A27-478B-4357-B4C3-FC8943131F3D}.Debug|x86.ActiveCfg = Debug|Any CPU
		{40793A27-478B-4357-B4C3-FC8943131F3D}.Release|Any CPU.ActiveCfg = Release|Any CPU
		{40793A27-478B-4357-B4C3-FC8943131F3D}.Release|Any CPU.Build.0 = Release|Any CPU
		{40793A27-478B-4357-B4C3-FC8943131F3D}.Release|Mixed Platforms.ActiveCfg = Release|Any CPU
		{40793A27-478B-4357-B4C3-FC8943131F3D}.Release|Mixed Platforms.Build.0 = Release|Any CPU
		{40793A27-478B-4357-B4C3-FC8943131F3D}.Release|Win32.ActiveCfg = Release|Any CPU
		{40793A27-478B-4357-B4C3-FC8943131F3D}.Release|x64.ActiveCfg = Release|Any CPU
		{40793A27-478B-4357-B4C3-FC8943131F3D}.Release|x86.ActiveCfg = Release|Any CPU
		{40793A27-478B-4357-B4C3-FC8943131F3D}.TEST|Any CPU.ActiveCfg = Release|Any CPU
		{40793A27-478B-4357-B4C3-FC8943131F3D}.TEST|Any CPU.Build.0 = Release|Any CPU
		{40793A27-478B-4357-B4C3-FC8943131F3D}.TEST|Mixed Platforms.ActiveCfg = Release|Any CPU
		{40793A27-478B-4357-B4C3-FC8943131F3D}.TEST|Mixed Platforms.Build.0 = Release|Any CPU
		{40793A27-478B-4357-B4C3-FC8943131F3D}.TEST|Win32.ActiveCfg = Release|Any CPU
		{40793A27-478B-4357-B4C3-FC8943131F3D}.TEST|x64.ActiveCfg = Release|Any CPU
		{40793A27-478B-4357-B4C3-FC8943131F3D}.TEST|x86.ActiveCfg = Release|Any CPU
		{7858FB56-9BB3-40CE-BA9C-5FB9F04E79DE}.Debug|Any CPU.ActiveCfg = Debug|Any CPU
		{7858FB56-9BB3-40CE-BA9C-5FB9F04E79DE}.Debug|Any CPU.Build.0 = Debug|Any CPU
		{7858FB56-9BB3-40CE-BA9C-5FB9F04E79DE}.Debug|Mixed Platforms.ActiveCfg = Debug|Any CPU
		{7858FB56-9BB3-40CE-BA9C-5FB9F04E79DE}.Debug|Mixed Platforms.Build.0 = Debug|Any CPU
		{7858FB56-9BB3-40CE-BA9C-5FB9F04E79DE}.Debug|Win32.ActiveCfg = Debug|Any CPU
		{7858FB56-9BB3-40CE-BA9C-5FB9F04E79DE}.Debug|x64.ActiveCfg = Debug|Any CPU
		{7858FB56-9BB3-40CE-BA9C-5FB9F04E79DE}.Debug|x86.ActiveCfg = Debug|Any CPU
		{7858FB56-9BB3-40CE-BA9C-5FB9F04E79DE}.Release|Any CPU.ActiveCfg = Release|Any CPU
		{7858FB56-9BB3-40CE-BA9C-5FB9F04E79DE}.Release|Any CPU.Build.0 = Release|Any CPU
		{7858FB56-9BB3-40CE-BA9C-5FB9F04E79DE}.Release|Mixed Platforms.ActiveCfg = Release|Any CPU
		{7858FB56-9BB3-40CE-BA9C-5FB9F04E79DE}.Release|Mixed Platforms.Build.0 = Release|Any CPU
		{7858FB56-9BB3-40CE-BA9C-5FB9F04E79DE}.Release|Win32.ActiveCfg = Release|Any CPU
		{7858FB56-9BB3-40CE-BA9C-5FB9F04E79DE}.Release|x64.ActiveCfg = Release|Any CPU
		{7858FB56-9BB3-40CE-BA9C-5FB9F04E79DE}.Release|x86.ActiveCfg = Release|Any CPU
		{7858FB56-9BB3-40CE-BA9C-5FB9F04E79DE}.TEST|Any CPU.ActiveCfg = TEST|Any CPU
		{7858FB56-9BB3-40CE-BA9C-5FB9F04E79DE}.TEST|Any CPU.Build.0 = TEST|Any CPU
		{7858FB56-9BB3-40CE-BA9C-5FB9F04E79DE}.TEST|Mixed Platforms.ActiveCfg = TEST|Any CPU
		{7858FB56-9BB3-40CE-BA9C-5FB9F04E79DE}.TEST|Mixed Platforms.Build.0 = TEST|Any CPU
		{7858FB56-9BB3-40CE-BA9C-5FB9F04E79DE}.TEST|Win32.ActiveCfg = TEST|Any CPU
		{7858FB56-9BB3-40CE-BA9C-5FB9F04E79DE}.TEST|x64.ActiveCfg = TEST|Any CPU
		{7858FB56-9BB3-40CE-BA9C-5FB9F04E79DE}.TEST|x86.ActiveCfg = TEST|Any CPU
		{55D040D8-B8F2-4C15-8FCD-A73F82A3882C}.Debug|Any CPU.ActiveCfg = Debug|Any CPU
		{55D040D8-B8F2-4C15-8FCD-A73F82A3882C}.Debug|Any CPU.Build.0 = Debug|Any CPU
		{55D040D8-B8F2-4C15-8FCD-A73F82A3882C}.Debug|Mixed Platforms.ActiveCfg = Debug|Any CPU
		{55D040D8-B8F2-4C15-8FCD-A73F82A3882C}.Debug|Mixed Platforms.Build.0 = Debug|Any CPU
		{55D040D8-B8F2-4C15-8FCD-A73F82A3882C}.Debug|Win32.ActiveCfg = Debug|Any CPU
		{55D040D8-B8F2-4C15-8FCD-A73F82A3882C}.Debug|x64.ActiveCfg = Debug|Any CPU
		{55D040D8-B8F2-4C15-8FCD-A73F82A3882C}.Debug|x86.ActiveCfg = Debug|Any CPU
		{55D040D8-B8F2-4C15-8FCD-A73F82A3882C}.Release|Any CPU.ActiveCfg = Release|Any CPU
		{55D040D8-B8F2-4C15-8FCD-A73F82A3882C}.Release|Any CPU.Build.0 = Release|Any CPU
		{55D040D8-B8F2-4C15-8FCD-A73F82A3882C}.Release|Mixed Platforms.ActiveCfg = Release|Any CPU
		{55D040D8-B8F2-4C15-8FCD-A73F82A3882C}.Release|Mixed Platforms.Build.0 = Release|Any CPU
		{55D040D8-B8F2-4C15-8FCD-A73F82A3882C}.Release|Win32.ActiveCfg = Release|Any CPU
		{55D040D8-B8F2-4C15-8FCD-A73F82A3882C}.Release|x64.ActiveCfg = Release|Any CPU
		{55D040D8-B8F2-4C15-8FCD-A73F82A3882C}.Release|x86.ActiveCfg = Release|Any CPU
		{55D040D8-B8F2-4C15-8FCD-A73F82A3882C}.TEST|Any CPU.ActiveCfg = Release|Any CPU
		{55D040D8-B8F2-4C15-8FCD-A73F82A3882C}.TEST|Any CPU.Build.0 = Release|Any CPU
		{55D040D8-B8F2-4C15-8FCD-A73F82A3882C}.TEST|Mixed Platforms.ActiveCfg = Release|Any CPU
		{55D040D8-B8F2-4C15-8FCD-A73F82A3882C}.TEST|Mixed Platforms.Build.0 = Release|Any CPU
		{55D040D8-B8F2-4C15-8FCD-A73F82A3882C}.TEST|Win32.ActiveCfg = Release|Any CPU
		{55D040D8-B8F2-4C15-8FCD-A73F82A3882C}.TEST|x64.ActiveCfg = Release|Any CPU
		{55D040D8-B8F2-4C15-8FCD-A73F82A3882C}.TEST|x86.ActiveCfg = Release|Any CPU
		{19EF75B2-B414-4EB0-9486-160FAF93E62C}.Debug|Any CPU.ActiveCfg = Debug|Any CPU
		{19EF75B2-B414-4EB0-9486-160FAF93E62C}.Debug|Any CPU.Build.0 = Debug|Any CPU
		{19EF75B2-B414-4EB0-9486-160FAF93E62C}.Debug|Mixed Platforms.ActiveCfg = Debug|Any CPU
		{19EF75B2-B414-4EB0-9486-160FAF93E62C}.Debug|Mixed Platforms.Build.0 = Debug|Any CPU
		{19EF75B2-B414-4EB0-9486-160FAF93E62C}.Debug|Win32.ActiveCfg = Debug|Any CPU
		{19EF75B2-B414-4EB0-9486-160FAF93E62C}.Debug|x64.ActiveCfg = Debug|Any CPU
		{19EF75B2-B414-4EB0-9486-160FAF93E62C}.Debug|x86.ActiveCfg = Debug|Any CPU
		{19EF75B2-B414-4EB0-9486-160FAF93E62C}.Release|Any CPU.ActiveCfg = Release|Any CPU
		{19EF75B2-B414-4EB0-9486-160FAF93E62C}.Release|Any CPU.Build.0 = Release|Any CPU
		{19EF75B2-B414-4EB0-9486-160FAF93E62C}.Release|Mixed Platforms.ActiveCfg = Release|Any CPU
		{19EF75B2-B414-4EB0-9486-160FAF93E62C}.Release|Mixed Platforms.Build.0 = Release|Any CPU
		{19EF75B2-B414-4EB0-9486-160FAF93E62C}.Release|Win32.ActiveCfg = Release|Any CPU
		{19EF75B2-B414-4EB0-9486-160FAF93E62C}.Release|x64.ActiveCfg = Release|Any CPU
		{19EF75B2-B414-4EB0-9486-160FAF93E62C}.Release|x86.ActiveCfg = Release|Any CPU
		{19EF75B2-B414-4EB0-9486-160FAF93E62C}.TEST|Any CPU.ActiveCfg = Release|Any CPU
		{19EF75B2-B414-4EB0-9486-160FAF93E62C}.TEST|Any CPU.Build.0 = Release|Any CPU
		{19EF75B2-B414-4EB0-9486-160FAF93E62C}.TEST|Mixed Platforms.ActiveCfg = Release|Any CPU
		{19EF75B2-B414-4EB0-9486-160FAF93E62C}.TEST|Mixed Platforms.Build.0 = Release|Any CPU
		{19EF75B2-B414-4EB0-9486-160FAF93E62C}.TEST|Win32.ActiveCfg = Release|Any CPU
		{19EF75B2-B414-4EB0-9486-160FAF93E62C}.TEST|x64.ActiveCfg = Release|Any CPU
		{19EF75B2-B414-4EB0-9486-160FAF93E62C}.TEST|x86.ActiveCfg = Release|Any CPU
		{ADDF2033-8E31-4793-ABFB-EB8F320245B0}.Debug|Any CPU.ActiveCfg = Debug|Any CPU
		{ADDF2033-8E31-4793-ABFB-EB8F320245B0}.Debug|Any CPU.Build.0 = Debug|Any CPU
		{ADDF2033-8E31-4793-ABFB-EB8F320245B0}.Debug|Mixed Platforms.ActiveCfg = Debug|Any CPU
		{ADDF2033-8E31-4793-ABFB-EB8F320245B0}.Debug|Mixed Platforms.Build.0 = Debug|Any CPU
		{ADDF2033-8E31-4793-ABFB-EB8F320245B0}.Debug|Win32.ActiveCfg = Debug|Any CPU
		{ADDF2033-8E31-4793-ABFB-EB8F320245B0}.Debug|x64.ActiveCfg = Debug|Any CPU
		{ADDF2033-8E31-4793-ABFB-EB8F320245B0}.Debug|x86.ActiveCfg = Debug|Any CPU
		{ADDF2033-8E31-4793-ABFB-EB8F320245B0}.Release|Any CPU.ActiveCfg = Release|Any CPU
		{ADDF2033-8E31-4793-ABFB-EB8F320245B0}.Release|Any CPU.Build.0 = Release|Any CPU
		{ADDF2033-8E31-4793-ABFB-EB8F320245B0}.Release|Mixed Platforms.ActiveCfg = Release|Any CPU
		{ADDF2033-8E31-4793-ABFB-EB8F320245B0}.Release|Mixed Platforms.Build.0 = Release|Any CPU
		{ADDF2033-8E31-4793-ABFB-EB8F320245B0}.Release|Win32.ActiveCfg = Release|Any CPU
		{ADDF2033-8E31-4793-ABFB-EB8F320245B0}.Release|x64.ActiveCfg = Release|Any CPU
		{ADDF2033-8E31-4793-ABFB-EB8F320245B0}.Release|x86.ActiveCfg = Release|Any CPU
		{ADDF2033-8E31-4793-ABFB-EB8F320245B0}.TEST|Any CPU.ActiveCfg = Release|Any CPU
		{ADDF2033-8E31-4793-ABFB-EB8F320245B0}.TEST|Any CPU.Build.0 = Release|Any CPU
		{ADDF2033-8E31-4793-ABFB-EB8F320245B0}.TEST|Mixed Platforms.ActiveCfg = Release|Any CPU
		{ADDF2033-8E31-4793-ABFB-EB8F320245B0}.TEST|Mixed Platforms.Build.0 = Release|Any CPU
		{ADDF2033-8E31-4793-ABFB-EB8F320245B0}.TEST|Win32.ActiveCfg = Release|Any CPU
		{ADDF2033-8E31-4793-ABFB-EB8F320245B0}.TEST|x64.ActiveCfg = Release|Any CPU
		{ADDF2033-8E31-4793-ABFB-EB8F320245B0}.TEST|x86.ActiveCfg = Release|Any CPU
		{6094BA14-FD72-4458-88F3-1EB9426280A5}.Debug|Any CPU.ActiveCfg = Debug|Win32
		{6094BA14-FD72-4458-88F3-1EB9426280A5}.Debug|Mixed Platforms.ActiveCfg = Debug|Win32
		{6094BA14-FD72-4458-88F3-1EB9426280A5}.Debug|Mixed Platforms.Build.0 = Debug|Win32
		{6094BA14-FD72-4458-88F3-1EB9426280A5}.Debug|Win32.ActiveCfg = Debug|Win32
		{6094BA14-FD72-4458-88F3-1EB9426280A5}.Debug|Win32.Build.0 = Debug|Win32
		{6094BA14-FD72-4458-88F3-1EB9426280A5}.Debug|x64.ActiveCfg = Debug|Win32
		{6094BA14-FD72-4458-88F3-1EB9426280A5}.Debug|x86.ActiveCfg = Debug|Win32
		{6094BA14-FD72-4458-88F3-1EB9426280A5}.Release|Any CPU.ActiveCfg = Release|Win32
		{6094BA14-FD72-4458-88F3-1EB9426280A5}.Release|Mixed Platforms.ActiveCfg = Release|Win32
		{6094BA14-FD72-4458-88F3-1EB9426280A5}.Release|Mixed Platforms.Build.0 = Release|Win32
		{6094BA14-FD72-4458-88F3-1EB9426280A5}.Release|Win32.ActiveCfg = Release|Win32
		{6094BA14-FD72-4458-88F3-1EB9426280A5}.Release|Win32.Build.0 = Release|Win32
		{6094BA14-FD72-4458-88F3-1EB9426280A5}.Release|x64.ActiveCfg = Release|Win32
		{6094BA14-FD72-4458-88F3-1EB9426280A5}.Release|x86.ActiveCfg = Release|Win32
		{6094BA14-FD72-4458-88F3-1EB9426280A5}.TEST|Any CPU.ActiveCfg = Release|Win32
		{6094BA14-FD72-4458-88F3-1EB9426280A5}.TEST|Mixed Platforms.ActiveCfg = Release|Win32
		{6094BA14-FD72-4458-88F3-1EB9426280A5}.TEST|Mixed Platforms.Build.0 = Release|Win32
		{6094BA14-FD72-4458-88F3-1EB9426280A5}.TEST|Win32.ActiveCfg = Release|Win32
		{6094BA14-FD72-4458-88F3-1EB9426280A5}.TEST|Win32.Build.0 = Release|Win32
		{6094BA14-FD72-4458-88F3-1EB9426280A5}.TEST|x64.ActiveCfg = Release|Win32
		{6094BA14-FD72-4458-88F3-1EB9426280A5}.TEST|x86.ActiveCfg = Release|Win32
		{ED263187-A564-4CAC-8145-FF14517D73FF}.Debug|Any CPU.ActiveCfg = Debug|Win32
		{ED263187-A564-4CAC-8145-FF14517D73FF}.Debug|Mixed Platforms.ActiveCfg = Debug|Win32
		{ED263187-A564-4CAC-8145-FF14517D73FF}.Debug|Mixed Platforms.Build.0 = Debug|Win32
		{ED263187-A564-4CAC-8145-FF14517D73FF}.Debug|Win32.ActiveCfg = Debug|Win32
		{ED263187-A564-4CAC-8145-FF14517D73FF}.Debug|Win32.Build.0 = Debug|Win32
		{ED263187-A564-4CAC-8145-FF14517D73FF}.Debug|x64.ActiveCfg = Debug|Win32
		{ED263187-A564-4CAC-8145-FF14517D73FF}.Debug|x86.ActiveCfg = Debug|Win32
		{ED263187-A564-4CAC-8145-FF14517D73FF}.Release|Any CPU.ActiveCfg = Release|Win32
		{ED263187-A564-4CAC-8145-FF14517D73FF}.Release|Mixed Platforms.ActiveCfg = Release|Win32
		{ED263187-A564-4CAC-8145-FF14517D73FF}.Release|Mixed Platforms.Build.0 = Release|Win32
		{ED263187-A564-4CAC-8145-FF14517D73FF}.Release|Win32.ActiveCfg = Release|Win32
		{ED263187-A564-4CAC-8145-FF14517D73FF}.Release|Win32.Build.0 = Release|Win32
		{ED263187-A564-4CAC-8145-FF14517D73FF}.Release|x64.ActiveCfg = Release|Win32
		{ED263187-A564-4CAC-8145-FF14517D73FF}.Release|x86.ActiveCfg = Release|Win32
		{ED263187-A564-4CAC-8145-FF14517D73FF}.TEST|Any CPU.ActiveCfg = Release|Win32
		{ED263187-A564-4CAC-8145-FF14517D73FF}.TEST|Mixed Platforms.ActiveCfg = Release|Win32
		{ED263187-A564-4CAC-8145-FF14517D73FF}.TEST|Mixed Platforms.Build.0 = Release|Win32
		{ED263187-A564-4CAC-8145-FF14517D73FF}.TEST|Win32.ActiveCfg = Release|Win32
		{ED263187-A564-4CAC-8145-FF14517D73FF}.TEST|Win32.Build.0 = Release|Win32
		{ED263187-A564-4CAC-8145-FF14517D73FF}.TEST|x64.ActiveCfg = Release|Win32
		{ED263187-A564-4CAC-8145-FF14517D73FF}.TEST|x86.ActiveCfg = Release|Win32
		{D57C9AE8-2536-4B33-8225-34EFF6EC07C4}.Debug|Any CPU.ActiveCfg = Debug|Any CPU
		{D57C9AE8-2536-4B33-8225-34EFF6EC07C4}.Debug|Any CPU.Build.0 = Debug|Any CPU
		{D57C9AE8-2536-4B33-8225-34EFF6EC07C4}.Debug|Mixed Platforms.ActiveCfg = Debug|Any CPU
		{D57C9AE8-2536-4B33-8225-34EFF6EC07C4}.Debug|Mixed Platforms.Build.0 = Debug|Any CPU
		{D57C9AE8-2536-4B33-8225-34EFF6EC07C4}.Debug|Win32.ActiveCfg = Debug|Any CPU
		{D57C9AE8-2536-4B33-8225-34EFF6EC07C4}.Debug|x64.ActiveCfg = Debug|Any CPU
		{D57C9AE8-2536-4B33-8225-34EFF6EC07C4}.Debug|x86.ActiveCfg = Debug|Any CPU
		{D57C9AE8-2536-4B33-8225-34EFF6EC07C4}.Release|Any CPU.ActiveCfg = Release|Any CPU
		{D57C9AE8-2536-4B33-8225-34EFF6EC07C4}.Release|Any CPU.Build.0 = Release|Any CPU
		{D57C9AE8-2536-4B33-8225-34EFF6EC07C4}.Release|Mixed Platforms.ActiveCfg = Release|Any CPU
		{D57C9AE8-2536-4B33-8225-34EFF6EC07C4}.Release|Mixed Platforms.Build.0 = Release|Any CPU
		{D57C9AE8-2536-4B33-8225-34EFF6EC07C4}.Release|Win32.ActiveCfg = Release|Any CPU
		{D57C9AE8-2536-4B33-8225-34EFF6EC07C4}.Release|x64.ActiveCfg = Release|Any CPU
		{D57C9AE8-2536-4B33-8225-34EFF6EC07C4}.Release|x86.ActiveCfg = Release|Any CPU
		{D57C9AE8-2536-4B33-8225-34EFF6EC07C4}.TEST|Any CPU.ActiveCfg = Release|Any CPU
		{D57C9AE8-2536-4B33-8225-34EFF6EC07C4}.TEST|Any CPU.Build.0 = Release|Any CPU
		{D57C9AE8-2536-4B33-8225-34EFF6EC07C4}.TEST|Mixed Platforms.ActiveCfg = Release|Any CPU
		{D57C9AE8-2536-4B33-8225-34EFF6EC07C4}.TEST|Mixed Platforms.Build.0 = Release|Any CPU
		{D57C9AE8-2536-4B33-8225-34EFF6EC07C4}.TEST|Win32.ActiveCfg = Release|Any CPU
		{D57C9AE8-2536-4B33-8225-34EFF6EC07C4}.TEST|x64.ActiveCfg = Release|Any CPU
		{D57C9AE8-2536-4B33-8225-34EFF6EC07C4}.TEST|x86.ActiveCfg = Release|Any CPU
		{F26D98AA-277B-4356-8CAC-2F9BD7E4EA92}.Debug|Any CPU.ActiveCfg = Debug|Win32
		{F26D98AA-277B-4356-8CAC-2F9BD7E4EA92}.Debug|Mixed Platforms.ActiveCfg = Debug|Win32
		{F26D98AA-277B-4356-8CAC-2F9BD7E4EA92}.Debug|Mixed Platforms.Build.0 = Debug|Win32
		{F26D98AA-277B-4356-8CAC-2F9BD7E4EA92}.Debug|Win32.ActiveCfg = Debug|Win32
		{F26D98AA-277B-4356-8CAC-2F9BD7E4EA92}.Debug|Win32.Build.0 = Debug|Win32
		{F26D98AA-277B-4356-8CAC-2F9BD7E4EA92}.Debug|x64.ActiveCfg = Debug|Win32
		{F26D98AA-277B-4356-8CAC-2F9BD7E4EA92}.Debug|x86.ActiveCfg = Debug|Win32
		{F26D98AA-277B-4356-8CAC-2F9BD7E4EA92}.Release|Any CPU.ActiveCfg = Release|Win32
		{F26D98AA-277B-4356-8CAC-2F9BD7E4EA92}.Release|Mixed Platforms.ActiveCfg = Release|Win32
		{F26D98AA-277B-4356-8CAC-2F9BD7E4EA92}.Release|Mixed Platforms.Build.0 = Release|Win32
		{F26D98AA-277B-4356-8CAC-2F9BD7E4EA92}.Release|Win32.ActiveCfg = Release|Win32
		{F26D98AA-277B-4356-8CAC-2F9BD7E4EA92}.Release|Win32.Build.0 = Release|Win32
		{F26D98AA-277B-4356-8CAC-2F9BD7E4EA92}.Release|x64.ActiveCfg = Release|Win32
		{F26D98AA-277B-4356-8CAC-2F9BD7E4EA92}.Release|x86.ActiveCfg = Release|Win32
		{F26D98AA-277B-4356-8CAC-2F9BD7E4EA92}.TEST|Any CPU.ActiveCfg = Release|Win32
		{F26D98AA-277B-4356-8CAC-2F9BD7E4EA92}.TEST|Mixed Platforms.ActiveCfg = Release|Win32
		{F26D98AA-277B-4356-8CAC-2F9BD7E4EA92}.TEST|Mixed Platforms.Build.0 = Release|Win32
		{F26D98AA-277B-4356-8CAC-2F9BD7E4EA92}.TEST|Win32.ActiveCfg = Release|Win32
		{F26D98AA-277B-4356-8CAC-2F9BD7E4EA92}.TEST|Win32.Build.0 = Release|Win32
		{F26D98AA-277B-4356-8CAC-2F9BD7E4EA92}.TEST|x64.ActiveCfg = Release|Win32
		{F26D98AA-277B-4356-8CAC-2F9BD7E4EA92}.TEST|x86.ActiveCfg = Release|Win32
		{057E8045-5944-47C6-9FD8-0ECC915AE87C}.Debug|Any CPU.ActiveCfg = Debug|Win32
		{057E8045-5944-47C6-9FD8-0ECC915AE87C}.Debug|Mixed Platforms.ActiveCfg = Debug|Win32
		{057E8045-5944-47C6-9FD8-0ECC915AE87C}.Debug|Mixed Platforms.Build.0 = Debug|Win32
		{057E8045-5944-47C6-9FD8-0ECC915AE87C}.Debug|Win32.ActiveCfg = Debug|Win32
		{057E8045-5944-47C6-9FD8-0ECC915AE87C}.Debug|Win32.Build.0 = Debug|Win32
		{057E8045-5944-47C6-9FD8-0ECC915AE87C}.Debug|x64.ActiveCfg = Debug|Win32
		{057E8045-5944-47C6-9FD8-0ECC915AE87C}.Debug|x86.ActiveCfg = Debug|Win32
		{057E8045-5944-47C6-9FD8-0ECC915AE87C}.Release|Any CPU.ActiveCfg = Release|Win32
		{057E8045-5944-47C6-9FD8-0ECC915AE87C}.Release|Mixed Platforms.ActiveCfg = Release|Win32
		{057E8045-5944-47C6-9FD8-0ECC915AE87C}.Release|Mixed Platforms.Build.0 = Release|Win32
		{057E8045-5944-47C6-9FD8-0ECC915AE87C}.Release|Win32.ActiveCfg = Release|Win32
		{057E8045-5944-47C6-9FD8-0ECC915AE87C}.Release|Win32.Build.0 = Release|Win32
		{057E8045-5944-47C6-9FD8-0ECC915AE87C}.Release|x64.ActiveCfg = Release|Win32
		{057E8045-5944-47C6-9FD8-0ECC915AE87C}.Release|x86.ActiveCfg = Release|Win32
		{057E8045-5944-47C6-9FD8-0ECC915AE87C}.TEST|Any CPU.ActiveCfg = Release|Win32
		{057E8045-5944-47C6-9FD8-0ECC915AE87C}.TEST|Mixed Platforms.ActiveCfg = Release|Win32
		{057E8045-5944-47C6-9FD8-0ECC915AE87C}.TEST|Mixed Platforms.Build.0 = Release|Win32
		{057E8045-5944-47C6-9FD8-0ECC915AE87C}.TEST|Win32.ActiveCfg = Release|Win32
		{057E8045-5944-47C6-9FD8-0ECC915AE87C}.TEST|Win32.Build.0 = Release|Win32
		{057E8045-5944-47C6-9FD8-0ECC915AE87C}.TEST|x64.ActiveCfg = Release|Win32
		{057E8045-5944-47C6-9FD8-0ECC915AE87C}.TEST|x86.ActiveCfg = Release|Win32
		{CF09C015-11D7-4E97-8A29-7FA4922C8A46}.Debug|Any CPU.ActiveCfg = Debug|Any CPU
		{CF09C015-11D7-4E97-8A29-7FA4922C8A46}.Debug|Any CPU.Build.0 = Debug|Any CPU
		{CF09C015-11D7-4E97-8A29-7FA4922C8A46}.Debug|Mixed Platforms.ActiveCfg = Debug|Any CPU
		{CF09C015-11D7-4E97-8A29-7FA4922C8A46}.Debug|Mixed Platforms.Build.0 = Debug|Any CPU
		{CF09C015-11D7-4E97-8A29-7FA4922C8A46}.Debug|Win32.ActiveCfg = Debug|x64
		{CF09C015-11D7-4E97-8A29-7FA4922C8A46}.Debug|x64.ActiveCfg = Debug|x64
		{CF09C015-11D7-4E97-8A29-7FA4922C8A46}.Debug|x64.Build.0 = Debug|x64
		{CF09C015-11D7-4E97-8A29-7FA4922C8A46}.Debug|x86.ActiveCfg = Debug|x86
		{CF09C015-11D7-4E97-8A29-7FA4922C8A46}.Debug|x86.Build.0 = Debug|x86
		{CF09C015-11D7-4E97-8A29-7FA4922C8A46}.Release|Any CPU.ActiveCfg = Release|Any CPU
		{CF09C015-11D7-4E97-8A29-7FA4922C8A46}.Release|Any CPU.Build.0 = Release|Any CPU
		{CF09C015-11D7-4E97-8A29-7FA4922C8A46}.Release|Mixed Platforms.ActiveCfg = Release|Any CPU
		{CF09C015-11D7-4E97-8A29-7FA4922C8A46}.Release|Mixed Platforms.Build.0 = Release|Any CPU
		{CF09C015-11D7-4E97-8A29-7FA4922C8A46}.Release|Win32.ActiveCfg = Release|x64
		{CF09C015-11D7-4E97-8A29-7FA4922C8A46}.Release|x64.ActiveCfg = Release|x64
		{CF09C015-11D7-4E97-8A29-7FA4922C8A46}.Release|x64.Build.0 = Release|x64
		{CF09C015-11D7-4E97-8A29-7FA4922C8A46}.Release|x86.ActiveCfg = Release|x86
		{CF09C015-11D7-4E97-8A29-7FA4922C8A46}.Release|x86.Build.0 = Release|x86
		{CF09C015-11D7-4E97-8A29-7FA4922C8A46}.TEST|Any CPU.ActiveCfg = Release|x64
		{CF09C015-11D7-4E97-8A29-7FA4922C8A46}.TEST|Mixed Platforms.ActiveCfg = Release|Any CPU
		{CF09C015-11D7-4E97-8A29-7FA4922C8A46}.TEST|Mixed Platforms.Build.0 = Release|Any CPU
		{CF09C015-11D7-4E97-8A29-7FA4922C8A46}.TEST|Win32.ActiveCfg = Release|x64
		{CF09C015-11D7-4E97-8A29-7FA4922C8A46}.TEST|x64.ActiveCfg = Release|x64
		{CF09C015-11D7-4E97-8A29-7FA4922C8A46}.TEST|x64.Build.0 = Release|x64
		{CF09C015-11D7-4E97-8A29-7FA4922C8A46}.TEST|x86.ActiveCfg = Release|x64
		{E2A07876-E21E-4BF8-9D25-5F1300BB79BD}.Debug|Any CPU.ActiveCfg = Debug|Any CPU
		{E2A07876-E21E-4BF8-9D25-5F1300BB79BD}.Debug|Any CPU.Build.0 = Debug|Any CPU
		{E2A07876-E21E-4BF8-9D25-5F1300BB79BD}.Debug|Mixed Platforms.ActiveCfg = Debug|Any CPU
		{E2A07876-E21E-4BF8-9D25-5F1300BB79BD}.Debug|Mixed Platforms.Build.0 = Debug|Any CPU
		{E2A07876-E21E-4BF8-9D25-5F1300BB79BD}.Debug|Win32.ActiveCfg = Debug|Any CPU
		{E2A07876-E21E-4BF8-9D25-5F1300BB79BD}.Debug|x64.ActiveCfg = Debug|Any CPU
		{E2A07876-E21E-4BF8-9D25-5F1300BB79BD}.Debug|x86.ActiveCfg = Debug|Any CPU
		{E2A07876-E21E-4BF8-9D25-5F1300BB79BD}.Release|Any CPU.ActiveCfg = Release|Any CPU
		{E2A07876-E21E-4BF8-9D25-5F1300BB79BD}.Release|Any CPU.Build.0 = Release|Any CPU
		{E2A07876-E21E-4BF8-9D25-5F1300BB79BD}.Release|Mixed Platforms.ActiveCfg = Release|Any CPU
		{E2A07876-E21E-4BF8-9D25-5F1300BB79BD}.Release|Mixed Platforms.Build.0 = Release|Any CPU
		{E2A07876-E21E-4BF8-9D25-5F1300BB79BD}.Release|Win32.ActiveCfg = Release|Any CPU
		{E2A07876-E21E-4BF8-9D25-5F1300BB79BD}.Release|x64.ActiveCfg = Release|Any CPU
		{E2A07876-E21E-4BF8-9D25-5F1300BB79BD}.Release|x86.ActiveCfg = Release|Any CPU
		{E2A07876-E21E-4BF8-9D25-5F1300BB79BD}.TEST|Any CPU.ActiveCfg = Release|Any CPU
		{E2A07876-E21E-4BF8-9D25-5F1300BB79BD}.TEST|Any CPU.Build.0 = Release|Any CPU
		{E2A07876-E21E-4BF8-9D25-5F1300BB79BD}.TEST|Mixed Platforms.ActiveCfg = Release|Any CPU
		{E2A07876-E21E-4BF8-9D25-5F1300BB79BD}.TEST|Mixed Platforms.Build.0 = Release|Any CPU
		{E2A07876-E21E-4BF8-9D25-5F1300BB79BD}.TEST|Win32.ActiveCfg = Release|Any CPU
		{E2A07876-E21E-4BF8-9D25-5F1300BB79BD}.TEST|x64.ActiveCfg = Release|Any CPU
		{E2A07876-E21E-4BF8-9D25-5F1300BB79BD}.TEST|x86.ActiveCfg = Release|Any CPU
		{E73BB233-D88B-44A7-A98F-D71EE158381D}.Debug|Any CPU.ActiveCfg = Debug|Any CPU
		{E73BB233-D88B-44A7-A98F-D71EE158381D}.Debug|Any CPU.Build.0 = Debug|Any CPU
		{E73BB233-D88B-44A7-A98F-D71EE158381D}.Debug|Mixed Platforms.ActiveCfg = Debug|Any CPU
		{E73BB233-D88B-44A7-A98F-D71EE158381D}.Debug|Mixed Platforms.Build.0 = Debug|Any CPU
		{E73BB233-D88B-44A7-A98F-D71EE158381D}.Debug|Win32.ActiveCfg = Debug|Any CPU
		{E73BB233-D88B-44A7-A98F-D71EE158381D}.Debug|x64.ActiveCfg = Debug|Any CPU
		{E73BB233-D88B-44A7-A98F-D71EE158381D}.Debug|x86.ActiveCfg = Debug|Any CPU
		{E73BB233-D88B-44A7-A98F-D71EE158381D}.Release|Any CPU.ActiveCfg = Release|Any CPU
		{E73BB233-D88B-44A7-A98F-D71EE158381D}.Release|Any CPU.Build.0 = Release|Any CPU
		{E73BB233-D88B-44A7-A98F-D71EE158381D}.Release|Mixed Platforms.ActiveCfg = Release|Any CPU
		{E73BB233-D88B-44A7-A98F-D71EE158381D}.Release|Mixed Platforms.Build.0 = Release|Any CPU
		{E73BB233-D88B-44A7-A98F-D71EE158381D}.Release|Win32.ActiveCfg = Release|Any CPU
		{E73BB233-D88B-44A7-A98F-D71EE158381D}.Release|x64.ActiveCfg = Release|Any CPU
		{E73BB233-D88B-44A7-A98F-D71EE158381D}.Release|x86.ActiveCfg = Release|Any CPU
		{E73BB233-D88B-44A7-A98F-D71EE158381D}.TEST|Any CPU.ActiveCfg = Release|Any CPU
		{E73BB233-D88B-44A7-A98F-D71EE158381D}.TEST|Any CPU.Build.0 = Release|Any CPU
		{E73BB233-D88B-44A7-A98F-D71EE158381D}.TEST|Mixed Platforms.ActiveCfg = Release|Any CPU
		{E73BB233-D88B-44A7-A98F-D71EE158381D}.TEST|Mixed Platforms.Build.0 = Release|Any CPU
		{E73BB233-D88B-44A7-A98F-D71EE158381D}.TEST|Win32.ActiveCfg = Release|Any CPU
		{E73BB233-D88B-44A7-A98F-D71EE158381D}.TEST|x64.ActiveCfg = Release|Any CPU
		{E73BB233-D88B-44A7-A98F-D71EE158381D}.TEST|x86.ActiveCfg = Release|Any CPU
		{F105DC29-03C7-47AD-AD22-ADC1E6FD9920}.Debug|Any CPU.ActiveCfg = Debug|Any CPU
		{F105DC29-03C7-47AD-AD22-ADC1E6FD9920}.Debug|Any CPU.Build.0 = Debug|Any CPU
		{F105DC29-03C7-47AD-AD22-ADC1E6FD9920}.Debug|Mixed Platforms.ActiveCfg = Debug|Any CPU
		{F105DC29-03C7-47AD-AD22-ADC1E6FD9920}.Debug|Mixed Platforms.Build.0 = Debug|Any CPU
		{F105DC29-03C7-47AD-AD22-ADC1E6FD9920}.Debug|Win32.ActiveCfg = Debug|Any CPU
		{F105DC29-03C7-47AD-AD22-ADC1E6FD9920}.Debug|x64.ActiveCfg = Debug|Any CPU
		{F105DC29-03C7-47AD-AD22-ADC1E6FD9920}.Debug|x86.ActiveCfg = Debug|Any CPU
		{F105DC29-03C7-47AD-AD22-ADC1E6FD9920}.Release|Any CPU.ActiveCfg = Release|Any CPU
		{F105DC29-03C7-47AD-AD22-ADC1E6FD9920}.Release|Any CPU.Build.0 = Release|Any CPU
		{F105DC29-03C7-47AD-AD22-ADC1E6FD9920}.Release|Mixed Platforms.ActiveCfg = Release|Any CPU
		{F105DC29-03C7-47AD-AD22-ADC1E6FD9920}.Release|Mixed Platforms.Build.0 = Release|Any CPU
		{F105DC29-03C7-47AD-AD22-ADC1E6FD9920}.Release|Win32.ActiveCfg = Release|Any CPU
		{F105DC29-03C7-47AD-AD22-ADC1E6FD9920}.Release|x64.ActiveCfg = Release|Any CPU
		{F105DC29-03C7-47AD-AD22-ADC1E6FD9920}.Release|x86.ActiveCfg = Release|Any CPU
		{F105DC29-03C7-47AD-AD22-ADC1E6FD9920}.TEST|Any CPU.ActiveCfg = Release|Any CPU
		{F105DC29-03C7-47AD-AD22-ADC1E6FD9920}.TEST|Any CPU.Build.0 = Release|Any CPU
		{F105DC29-03C7-47AD-AD22-ADC1E6FD9920}.TEST|Mixed Platforms.ActiveCfg = Release|Any CPU
		{F105DC29-03C7-47AD-AD22-ADC1E6FD9920}.TEST|Mixed Platforms.Build.0 = Release|Any CPU
		{F105DC29-03C7-47AD-AD22-ADC1E6FD9920}.TEST|Win32.ActiveCfg = Release|Any CPU
		{F105DC29-03C7-47AD-AD22-ADC1E6FD9920}.TEST|x64.ActiveCfg = Release|Any CPU
		{F105DC29-03C7-47AD-AD22-ADC1E6FD9920}.TEST|x86.ActiveCfg = Release|Any CPU
		{9BFEA5DB-E527-4A30-B869-F10FC3405211}.Debug|Any CPU.ActiveCfg = Debug|Any CPU
		{9BFEA5DB-E527-4A30-B869-F10FC3405211}.Debug|Any CPU.Build.0 = Debug|Any CPU
		{9BFEA5DB-E527-4A30-B869-F10FC3405211}.Debug|Mixed Platforms.ActiveCfg = Debug|Any CPU
		{9BFEA5DB-E527-4A30-B869-F10FC3405211}.Debug|Mixed Platforms.Build.0 = Debug|Any CPU
		{9BFEA5DB-E527-4A30-B869-F10FC3405211}.Debug|Win32.ActiveCfg = Debug|Any CPU
		{9BFEA5DB-E527-4A30-B869-F10FC3405211}.Debug|x64.ActiveCfg = Debug|Any CPU
		{9BFEA5DB-E527-4A30-B869-F10FC3405211}.Debug|x86.ActiveCfg = Debug|Any CPU
		{9BFEA5DB-E527-4A30-B869-F10FC3405211}.Release|Any CPU.ActiveCfg = Release|Any CPU
		{9BFEA5DB-E527-4A30-B869-F10FC3405211}.Release|Any CPU.Build.0 = Release|Any CPU
		{9BFEA5DB-E527-4A30-B869-F10FC3405211}.Release|Mixed Platforms.ActiveCfg = Release|Any CPU
		{9BFEA5DB-E527-4A30-B869-F10FC3405211}.Release|Mixed Platforms.Build.0 = Release|Any CPU
		{9BFEA5DB-E527-4A30-B869-F10FC3405211}.Release|Win32.ActiveCfg = Release|Any CPU
		{9BFEA5DB-E527-4A30-B869-F10FC3405211}.Release|x64.ActiveCfg = Release|Any CPU
		{9BFEA5DB-E527-4A30-B869-F10FC3405211}.Release|x86.ActiveCfg = Release|Any CPU
		{9BFEA5DB-E527-4A30-B869-F10FC3405211}.TEST|Any CPU.ActiveCfg = Release|Any CPU
		{9BFEA5DB-E527-4A30-B869-F10FC3405211}.TEST|Any CPU.Build.0 = Release|Any CPU
		{9BFEA5DB-E527-4A30-B869-F10FC3405211}.TEST|Mixed Platforms.ActiveCfg = Release|Any CPU
		{9BFEA5DB-E527-4A30-B869-F10FC3405211}.TEST|Mixed Platforms.Build.0 = Release|Any CPU
		{9BFEA5DB-E527-4A30-B869-F10FC3405211}.TEST|Win32.ActiveCfg = Release|Any CPU
		{9BFEA5DB-E527-4A30-B869-F10FC3405211}.TEST|x64.ActiveCfg = Release|Any CPU
		{9BFEA5DB-E527-4A30-B869-F10FC3405211}.TEST|x86.ActiveCfg = Release|Any CPU
		{3FA0172E-1B36-46C1-9324-DAC42158C98F}.Debug|Any CPU.ActiveCfg = Debug|Win32
		{3FA0172E-1B36-46C1-9324-DAC42158C98F}.Debug|Mixed Platforms.ActiveCfg = Debug|Win32
		{3FA0172E-1B36-46C1-9324-DAC42158C98F}.Debug|Mixed Platforms.Build.0 = Debug|Win32
		{3FA0172E-1B36-46C1-9324-DAC42158C98F}.Debug|Win32.ActiveCfg = Debug|Win32
		{3FA0172E-1B36-46C1-9324-DAC42158C98F}.Debug|Win32.Build.0 = Debug|Win32
		{3FA0172E-1B36-46C1-9324-DAC42158C98F}.Debug|x64.ActiveCfg = Debug|Win32
		{3FA0172E-1B36-46C1-9324-DAC42158C98F}.Debug|x86.ActiveCfg = Debug|Win32
		{3FA0172E-1B36-46C1-9324-DAC42158C98F}.Release|Any CPU.ActiveCfg = Release|Win32
		{3FA0172E-1B36-46C1-9324-DAC42158C98F}.Release|Mixed Platforms.ActiveCfg = Release|Win32
		{3FA0172E-1B36-46C1-9324-DAC42158C98F}.Release|Mixed Platforms.Build.0 = Release|Win32
		{3FA0172E-1B36-46C1-9324-DAC42158C98F}.Release|Win32.ActiveCfg = Release|Win32
		{3FA0172E-1B36-46C1-9324-DAC42158C98F}.Release|Win32.Build.0 = Release|Win32
		{3FA0172E-1B36-46C1-9324-DAC42158C98F}.Release|x64.ActiveCfg = Release|Win32
		{3FA0172E-1B36-46C1-9324-DAC42158C98F}.Release|x86.ActiveCfg = Release|Win32
		{3FA0172E-1B36-46C1-9324-DAC42158C98F}.TEST|Any CPU.ActiveCfg = Release|Win32
		{3FA0172E-1B36-46C1-9324-DAC42158C98F}.TEST|Mixed Platforms.ActiveCfg = Release|Win32
		{3FA0172E-1B36-46C1-9324-DAC42158C98F}.TEST|Mixed Platforms.Build.0 = Release|Win32
		{3FA0172E-1B36-46C1-9324-DAC42158C98F}.TEST|Win32.ActiveCfg = Release|Win32
		{3FA0172E-1B36-46C1-9324-DAC42158C98F}.TEST|Win32.Build.0 = Release|Win32
		{3FA0172E-1B36-46C1-9324-DAC42158C98F}.TEST|x64.ActiveCfg = Release|Win32
		{3FA0172E-1B36-46C1-9324-DAC42158C98F}.TEST|x86.ActiveCfg = Release|Win32
	EndGlobalSection
	GlobalSection(SolutionProperties) = preSolution
		HideSolutionNode = FALSE
	EndGlobalSection
EndGlobal
